
Microsoft Visual Studio Solution File, Format Version 10.00
# Visual Studio 2008
Project("{2150E333-8FDC-42A3-9474-1A3956D46DE8}") = "Solution Items", "Solution Items", "{4AA1FBC2-DA5C-4204-B152-B5929516DC48}"
	ProjectSection(SolutionItems) = preProject
		TODO.txt = TODO.txt
	EndProjectSection
EndProject
Project("{FAE04EC0-301F-11D3-BF4B-00C04F79EFBC}") = "Eraser", "Eraser\Eraser.csproj", "{A9884ABF-46E8-42C1-A30B-9A3DD6C38004}"
EndProject
Project("{FAE04EC0-301F-11D3-BF4B-00C04F79EFBC}") = "Manager", "Manager\Manager.csproj", "{C1AC3255-0939-499D-A69D-725E3DD4F574}"
EndProject
Project("{FAE04EC0-301F-11D3-BF4B-00C04F79EFBC}") = "Util", "Util\Util.csproj", "{D083E1A8-3A4C-4683-9B3F-D5FEDE61B9C9}"
EndProject
Project("{FAE04EC0-301F-11D3-BF4B-00C04F79EFBC}") = "DefaultPlugins", "DefaultPlugins\DefaultPlugins.csproj", "{21752123-7BD7-4B44-B512-14A963C55FD8}"
EndProject
Project("{930C7802-8A8C-48F9-8165-68863BCCD9DD}") = "Installer", "Installer\Installer.wixproj", "{318964CF-278D-41B2-A825-B9A0D1F5D766}"
	ProjectSection(ProjectDependencies) = postProject
		{21752123-7BD7-4B44-B512-14A963C55FD8} = {21752123-7BD7-4B44-B512-14A963C55FD8}
		{C1AC3255-0939-499D-A69D-725E3DD4F574} = {C1AC3255-0939-499D-A69D-725E3DD4F574}
		{D083E1A8-3A4C-4683-9B3F-D5FEDE61B9C9} = {D083E1A8-3A4C-4683-9B3F-D5FEDE61B9C9}
		{A9884ABF-46E8-42C1-A30B-9A3DD6C38004} = {A9884ABF-46E8-42C1-A30B-9A3DD6C38004}
	EndProjectSection
EndProject
Global
	GlobalSection(SolutionConfigurationPlatforms) = preSolution
		Debug|Any CPU = Debug|Any CPU
		Debug|Mixed Platforms = Debug|Mixed Platforms
		Debug|x86 = Debug|x86
		Release|Any CPU = Release|Any CPU
		Release|Mixed Platforms = Release|Mixed Platforms
		Release|x86 = Release|x86
	EndGlobalSection
	GlobalSection(ProjectConfigurationPlatforms) = postSolution
		{A9884ABF-46E8-42C1-A30B-9A3DD6C38004}.Debug|Any CPU.ActiveCfg = Debug|Any CPU
		{A9884ABF-46E8-42C1-A30B-9A3DD6C38004}.Debug|Any CPU.Build.0 = Debug|Any CPU
		{A9884ABF-46E8-42C1-A30B-9A3DD6C38004}.Debug|Mixed Platforms.ActiveCfg = Debug|Any CPU
		{A9884ABF-46E8-42C1-A30B-9A3DD6C38004}.Debug|Mixed Platforms.Build.0 = Debug|Any CPU
		{A9884ABF-46E8-42C1-A30B-9A3DD6C38004}.Debug|x86.ActiveCfg = Debug|Any CPU
		{A9884ABF-46E8-42C1-A30B-9A3DD6C38004}.Release|Any CPU.ActiveCfg = Release|Any CPU
		{A9884ABF-46E8-42C1-A30B-9A3DD6C38004}.Release|Any CPU.Build.0 = Release|Any CPU
		{A9884ABF-46E8-42C1-A30B-9A3DD6C38004}.Release|Mixed Platforms.ActiveCfg = Release|Any CPU
		{A9884ABF-46E8-42C1-A30B-9A3DD6C38004}.Release|Mixed Platforms.Build.0 = Release|Any CPU
		{A9884ABF-46E8-42C1-A30B-9A3DD6C38004}.Release|x86.ActiveCfg = Release|Any CPU
		{C1AC3255-0939-499D-A69D-725E3DD4F574}.Debug|Any CPU.ActiveCfg = Debug|Any CPU
		{C1AC3255-0939-499D-A69D-725E3DD4F574}.Debug|Any CPU.Build.0 = Debug|Any CPU
		{C1AC3255-0939-499D-A69D-725E3DD4F574}.Debug|Mixed Platforms.ActiveCfg = Debug|Any CPU
		{C1AC3255-0939-499D-A69D-725E3DD4F574}.Debug|Mixed Platforms.Build.0 = Debug|Any CPU
		{C1AC3255-0939-499D-A69D-725E3DD4F574}.Debug|x86.ActiveCfg = Debug|Any CPU
		{C1AC3255-0939-499D-A69D-725E3DD4F574}.Release|Any CPU.ActiveCfg = Release|Any CPU
		{C1AC3255-0939-499D-A69D-725E3DD4F574}.Release|Any CPU.Build.0 = Release|Any CPU
		{C1AC3255-0939-499D-A69D-725E3DD4F574}.Release|Mixed Platforms.ActiveCfg = Release|Any CPU
		{C1AC3255-0939-499D-A69D-725E3DD4F574}.Release|Mixed Platforms.Build.0 = Release|Any CPU
		{C1AC3255-0939-499D-A69D-725E3DD4F574}.Release|x86.ActiveCfg = Release|Any CPU
		{D083E1A8-3A4C-4683-9B3F-D5FEDE61B9C9}.Debug|Any CPU.ActiveCfg = Debug|Any CPU
		{D083E1A8-3A4C-4683-9B3F-D5FEDE61B9C9}.Debug|Any CPU.Build.0 = Debug|Any CPU
		{D083E1A8-3A4C-4683-9B3F-D5FEDE61B9C9}.Debug|Mixed Platforms.ActiveCfg = Debug|Any CPU
		{D083E1A8-3A4C-4683-9B3F-D5FEDE61B9C9}.Debug|Mixed Platforms.Build.0 = Debug|Any CPU
		{D083E1A8-3A4C-4683-9B3F-D5FEDE61B9C9}.Debug|x86.ActiveCfg = Debug|Any CPU
		{D083E1A8-3A4C-4683-9B3F-D5FEDE61B9C9}.Release|Any CPU.ActiveCfg = Release|Any CPU
		{D083E1A8-3A4C-4683-9B3F-D5FEDE61B9C9}.Release|Any CPU.Build.0 = Release|Any CPU
		{D083E1A8-3A4C-4683-9B3F-D5FEDE61B9C9}.Release|Mixed Platforms.ActiveCfg = Release|Any CPU
		{D083E1A8-3A4C-4683-9B3F-D5FEDE61B9C9}.Release|Mixed Platforms.Build.0 = Release|Any CPU
		{D083E1A8-3A4C-4683-9B3F-D5FEDE61B9C9}.Release|x86.ActiveCfg = Release|Any CPU
		{21752123-7BD7-4B44-B512-14A963C55FD8}.Debug|Any CPU.ActiveCfg = Debug|Any CPU
		{21752123-7BD7-4B44-B512-14A963C55FD8}.Debug|Any CPU.Build.0 = Debug|Any CPU
		{21752123-7BD7-4B44-B512-14A963C55FD8}.Debug|Mixed Platforms.ActiveCfg = Debug|Any CPU
		{21752123-7BD7-4B44-B512-14A963C55FD8}.Debug|Mixed Platforms.Build.0 = Debug|Any CPU
		{21752123-7BD7-4B44-B512-14A963C55FD8}.Debug|x86.ActiveCfg = Debug|Any CPU
		{21752123-7BD7-4B44-B512-14A963C55FD8}.Release|Any CPU.ActiveCfg = Release|Any CPU
		{21752123-7BD7-4B44-B512-14A963C55FD8}.Release|Any CPU.Build.0 = Release|Any CPU
		{21752123-7BD7-4B44-B512-14A963C55FD8}.Release|Mixed Platforms.ActiveCfg = Release|Any CPU
		{21752123-7BD7-4B44-B512-14A963C55FD8}.Release|Mixed Platforms.Build.0 = Release|Any CPU
		{21752123-7BD7-4B44-B512-14A963C55FD8}.Release|x86.ActiveCfg = Release|Any CPU
		{318964CF-278D-41B2-A825-B9A0D1F5D766}.Debug|Any CPU.ActiveCfg = Debug|x86
		{318964CF-278D-41B2-A825-B9A0D1F5D766}.Debug|Mixed Platforms.ActiveCfg = Debug|x86
		{318964CF-278D-41B2-A825-B9A0D1F5D766}.Debug|x86.ActiveCfg = Debug|x86
		{318964CF-278D-41B2-A825-B9A0D1F5D766}.Debug|x86.Build.0 = Debug|x86
		{318964CF-278D-41B2-A825-B9A0D1F5D766}.Release|Any CPU.ActiveCfg = Release|x86
		{318964CF-278D-41B2-A825-B9A0D1F5D766}.Release|Mixed Platforms.ActiveCfg = Release|x86
		{318964CF-278D-41B2-A825-B9A0D1F5D766}.Release|Mixed Platforms.Build.0 = Release|x86
		{318964CF-278D-41B2-A825-B9A0D1F5D766}.Release|x86.ActiveCfg = Release|x86
		{318964CF-278D-41B2-A825-B9A0D1F5D766}.Release|x86.Build.0 = Release|x86
	EndGlobalSection
	GlobalSection(SolutionProperties) = preSolution
		HideSolutionNode = FALSE
	EndGlobalSection
EndGlobal
